
Microsoft Visual Studio Solution File, Format Version 12.00
# Visual Studio 15
VisualStudioVersion = 15.0.28010.2048
MinimumVisualStudioVersion = 10.0.40219.1
Project("{FAE04EC0-301F-11D3-BF4B-00C04F79EFBC}") = "YZXLogicEngine", "YZXLogicEngine\YZXLogicEngine.csproj", "{7742CB79-B79E-4108-A44E-0A545D2E5D00}"
EndProject
Project("{FAE04EC0-301F-11D3-BF4B-00C04F79EFBC}") = "YZXMessaging", "YZXMessaging\YZXMessaging.csproj", "{35AD5641-59B1-479F-9245-8177657BF2FF}"
EndProject
Global
	GlobalSection(SolutionConfigurationPlatforms) = preSolution
		Debug|Any CPU = Debug|Any CPU
		Release|Any CPU = Release|Any CPU
	EndGlobalSection
	GlobalSection(ProjectConfigurationPlatforms) = postSolution
		{7742CB79-B79E-4108-A44E-0A545D2E5D00}.Debug|Any CPU.ActiveCfg = Debug|Any CPU
		{7742CB79-B79E-4108-A44E-0A545D2E5D00}.Debug|Any CPU.Build.0 = Debug|Any CPU
		{7742CB79-B79E-4108-A44E-0A545D2E5D00}.Release|Any CPU.ActiveCfg = Release|Any CPU
		{7742CB79-B79E-4108-A44E-0A545D2E5D00}.Release|Any CPU.Build.0 = Release|Any CPU
		{35AD5641-59B1-479F-9245-8177657BF2FF}.Debug|Any CPU.ActiveCfg = Debug|Any CPU
		{35AD5641-59B1-479F-9245-8177657BF2FF}.Debug|Any CPU.Build.0 = Debug|Any CPU
		{35AD5641-59B1-479F-9245-8177657BF2FF}.Release|Any CPU.ActiveCfg = Release|Any CPU
		{35AD5641-59B1-479F-9245-8177657BF2FF}.Release|Any CPU.Build.0 = Release|Any CPU
	EndGlobalSection
	GlobalSection(SolutionProperties) = preSolution
		HideSolutionNode = FALSE
	EndGlobalSection
	GlobalSection(ExtensibilityGlobals) = postSolution
		SolutionGuid = {A6EDE1FE-4BB6-4702-A664-B9D7B1F194DA}
	EndGlobalSection
EndGlobal
